
Microsoft Visual Studio Solution File, Format Version 12.00
# Visual Studio Version 17
VisualStudioVersion = 17.1.32414.318
MinimumVisualStudioVersion = 10.0.40219.1
Project("{FAE04EC0-301F-11D3-BF4B-00C04F79EFBC}") = "Algorithm3", "Algorithm3.csproj", "{327E1BB9-99CE-46FB-A03B-98D8CB969869}"
EndProject
Global
	GlobalSection(SolutionConfigurationPlatforms) = preSolution
		Debug|Any CPU = Debug|Any CPU
		Release|Any CPU = Release|Any CPU
	EndGlobalSection
	GlobalSection(ProjectConfigurationPlatforms) = postSolution
		{327E1BB9-99CE-46FB-A03B-98D8CB969869}.Debug|Any CPU.ActiveCfg = Debug|Any CPU
		{327E1BB9-99CE-46FB-A03B-98D8CB969869}.Debug|Any CPU.Build.0 = Debug|Any CPU
		{327E1BB9-99CE-46FB-A03B-98D8CB969869}.Release|Any CPU.ActiveCfg = Release|Any CPU
		{327E1BB9-99CE-46FB-A03B-98D8CB969869}.Release|Any CPU.Build.0 = Release|Any CPU
	EndGlobalSection
	GlobalSection(SolutionProperties) = preSolution
		HideSolutionNode = FALSE
	EndGlobalSection
	GlobalSection(ExtensibilityGlobals) = postSolution
		SolutionGuid = {D42A2945-40F7-4773-8F34-FA6B42253D84}
	EndGlobalSection
EndGlobal
